
Microsoft Visual Studio Solution File, Format Version 12.00
# Visual Studio 15
VisualStudioVersion = 15.0.28010.2041
MinimumVisualStudioVersion = 10.0.40219.1
Project("{FAE04EC0-301F-11D3-BF4B-00C04F79EFBC}") = "AzureCRUDQA", "AzureCRUDQA\AzureCRUDQA.csproj", "{EDE6A351-BCFF-4722-9584-E6610A316F21}"
EndProject
Global
	GlobalSection(SolutionConfigurationPlatforms) = preSolution
		Debug|Any CPU = Debug|Any CPU
		Release|Any CPU = Release|Any CPU
	EndGlobalSection
	GlobalSection(ProjectConfigurationPlatforms) = postSolution
		{EDE6A351-BCFF-4722-9584-E6610A316F21}.Debug|Any CPU.ActiveCfg = Debug|Any CPU
		{EDE6A351-BCFF-4722-9584-E6610A316F21}.Debug|Any CPU.Build.0 = Debug|Any CPU
		{EDE6A351-BCFF-4722-9584-E6610A316F21}.Release|Any CPU.ActiveCfg = Release|Any CPU
		{EDE6A351-BCFF-4722-9584-E6610A316F21}.Release|Any CPU.Build.0 = Release|Any CPU
	EndGlobalSection
	GlobalSection(SolutionProperties) = preSolution
		HideSolutionNode = FALSE
	EndGlobalSection
	GlobalSection(ExtensibilityGlobals) = postSolution
		SolutionGuid = {D187CD48-3BE8-4C57-92C7-F448965D81F8}
	EndGlobalSection
EndGlobal
